
Microsoft Visual Studio Solution File, Format Version 12.00
# Visual Studio 15
VisualStudioVersion = 15.0.26430.13
MinimumVisualStudioVersion = 10.0.40219.1
Project("{FAE04EC0-301F-11D3-BF4B-00C04F79EFBC}") = "RelatóriosDKSOFT", "RelatóriosDKSOFT\RelatóriosDKSOFT.csproj", "{5882BC1D-5B32-4424-A484-411F46CABC2F}"
EndProject
Project("{54435603-DBB4-11D2-8724-00A0C9A8B90C}") = "Setup", "Setup\Setup.vdproj", "{90019386-B99C-4AFD-8E35-D2D7D1841C57}"
EndProject
Global
	GlobalSection(SolutionConfigurationPlatforms) = preSolution
		Debug|Any CPU = Debug|Any CPU
		Release|Any CPU = Release|Any CPU
	EndGlobalSection
	GlobalSection(ProjectConfigurationPlatforms) = postSolution
		{5882BC1D-5B32-4424-A484-411F46CABC2F}.Debug|Any CPU.ActiveCfg = Debug|Any CPU
		{5882BC1D-5B32-4424-A484-411F46CABC2F}.Debug|Any CPU.Build.0 = Debug|Any CPU
		{5882BC1D-5B32-4424-A484-411F46CABC2F}.Release|Any CPU.ActiveCfg = Release|Any CPU
		{5882BC1D-5B32-4424-A484-411F46CABC2F}.Release|Any CPU.Build.0 = Release|Any CPU
		{90019386-B99C-4AFD-8E35-D2D7D1841C57}.Debug|Any CPU.ActiveCfg = Debug
		{90019386-B99C-4AFD-8E35-D2D7D1841C57}.Release|Any CPU.ActiveCfg = Release
	EndGlobalSection
	GlobalSection(SolutionProperties) = preSolution
		HideSolutionNode = FALSE
	EndGlobalSection
EndGlobal
